
Microsoft Visual Studio Solution File, Format Version 12.00
# Visual Studio Version 16
VisualStudioVersion = 16.0.808.4
MinimumVisualStudioVersion = 10.0.40219.1
Project("{FAE04EC0-301F-11D3-BF4B-00C04F79EFBC}") = "TicTacToe3", "TicTacToe3.csproj", "{A70B1159-09CA-4848-A2B0-344FFF3B508E}"
EndProject
Global
	GlobalSection(SolutionConfigurationPlatforms) = preSolution
		Debug|Any CPU = Debug|Any CPU
		Release|Any CPU = Release|Any CPU
	EndGlobalSection
	GlobalSection(ProjectConfigurationPlatforms) = postSolution
		{A70B1159-09CA-4848-A2B0-344FFF3B508E}.Debug|Any CPU.ActiveCfg = Debug|Any CPU
		{A70B1159-09CA-4848-A2B0-344FFF3B508E}.Debug|Any CPU.Build.0 = Debug|Any CPU
		{A70B1159-09CA-4848-A2B0-344FFF3B508E}.Release|Any CPU.ActiveCfg = Release|Any CPU
		{A70B1159-09CA-4848-A2B0-344FFF3B508E}.Release|Any CPU.Build.0 = Release|Any CPU
	EndGlobalSection
	GlobalSection(SolutionProperties) = preSolution
		HideSolutionNode = FALSE
	EndGlobalSection
	GlobalSection(ExtensibilityGlobals) = postSolution
		SolutionGuid = {DA746E2F-E1BD-42BD-A0DB-4BF4BC36383D}
	EndGlobalSection
EndGlobal
